version = 1
revision = 3
requires-python = ">=3.13"

[[package]]
name = "appscript"
version = "1.4.0"
source = { registry = "https://pypi.org/simple" }
dependencies = [
    { name = "lxml" },
]
sdist = { url = "https://files.pythonhosted.org/packages/ca/52/2fa70edfd98f0058219ecc2e365a3ba7aabd42db14ff9d7f44bbdcc5400d/appscript-1.4.0.tar.gz", hash = "sha256:b2c6fc770bf822ea45529c7084bc0ee340e67ab260016b01d28e0449ec8723be", size = 295279, upload-time = "2025-10-08T07:56:39.126Z" }
wheels = [
    { url = "https://files.pythonhosted.org/packages/a3/04/d6f3889a9e281c5ae86913f427441c9b04fb1975e61548ad0525a73d6981/appscript-1.4.0-cp313-cp313-macosx_10_13_universal2.whl", hash = "sha256:7710db497d279d819f487dea686866b56c6c1e557befef4631b78553c523334c", size = 99618, upload-time = "2025-10-08T07:56:35.259Z" },
    { url = "https://files.pythonhosted.org/packages/59/fd/2259a7c6996628cabd9c7d5cc340bb695af31f047de17d70872caa4d7963/appscript-1.4.0-cp313-cp313-macosx_10_13_x86_64.whl", hash = "sha256:0396978b95e06c2cabba117cc172add1df188c51a1b80fc6648aad16890a84c8", size = 85551, upload-time = "2025-10-08T07:56:36.311Z" },
    { url = "https://files.pythonhosted.org/packages/4d/15/748adf302d8f1f8f975bb26c1b918d84f1d39bb6c4730e0b91f551297984/appscript-1.4.0-cp314-cp314-macosx_10_13_universal2.whl", hash = "sha256:1a5747425d2a5732e2854cab0d0dc893ef077cabd7d57f7ec4caea2ac313e19f", size = 99700, upload-time = "2025-10-08T07:56:37.313Z" },
    { url = "https://files.pythonhosted.org/packages/dd/e3/03dc0f97eab839f72061342d69bd34424e89876ce4026509aab3d74d4f23/appscript-1.4.0-cp314-cp314-macosx_10_13_x86_64.whl", hash = "sha256:5efce3302c00674b769b79938cc5f66f7791ef45c6419e850a5f1c8f9fcefcc1", size = 85610, upload-time = "2025-10-08T07:56:38.103Z" },
]

[[package]]
name = "et-xmlfile"
version = "2.0.0"
source = { registry = "https://pypi.org/simple" }
sdist = { url = "https://files.pythonhosted.org/packages/d3/38/af70d7ab1ae9d4da450eeec1fa3918940a5fafb9055e934af8d6eb0c2313/et_xmlfile-2.0.0.tar.gz", hash = "sha256:dab3f4764309081ce75662649be815c4c9081e88f0837825f90fd28317d4da54", size = 17234, upload-time = "2024-10-25T17:25:40.039Z" }
wheels = [
    { url = "https://files.pythonhosted.org/packages/c1/8b/5fe2cc11fee489817272089c4203e679c63b570a5aaeb18d852ae3cbba6a/et_xmlfile-2.0.0-py3-none-any.whl", hash = "sha256:7a91720bc756843502c3b7504c77b8fe44217c85c537d85037f0f536151b2caa", size = 18059, upload-time = "2024-10-25T17:25:39.051Z" },
]

[[package]]
name = "fichselecfondgs"
version = "0.1.0"
source = { virtual = "." }
dependencies = [
    { name = "openpyxl" },
    { name = "xlwings" },
]

[package.metadata]
requires-dist = [
    { name = "openpyxl", specifier = ">=3.1.5" },
    { name = "xlwings", specifier = ">=0.33.16" },
]

[[package]]
name = "lxml"
version = "6.0.2"
source = { registry = "https://pypi.org/simple" }
sdist = { url = "https://files.pythonhosted.org/packages/aa/88/262177de60548e5a2bfc46ad28232c9e9cbde697bd94132aeb80364675cb/lxml-6.0.2.tar.gz", hash = "sha256:cd79f3367bd74b317dda655dc8fcfa304d9eb6e4fb06b7168c5cf27f96e0cd62", size = 4073426, upload-time = "2025-09-22T04:04:59.287Z" }
wheels = [
    { url = "https://files.pythonhosted.org/packages/53/fd/4e8f0540608977aea078bf6d79f128e0e2c2bba8af1acf775c30baa70460/lxml-6.0.2-cp313-cp313-macosx_10_13_universal2.whl", hash = "sha256:9b33d21594afab46f37ae58dfadd06636f154923c4e8a4d754b0127554eb2e77", size = 8648494, upload-time = "2025-09-22T04:01:54.242Z" },
    { url = "https://files.pythonhosted.org/packages/5d/f4/2a94a3d3dfd6c6b433501b8d470a1960a20ecce93245cf2db1706adf6c19/lxml-6.0.2-cp313-cp313-macosx_10_13_x86_64.whl", hash = "sha256:6c8963287d7a4c5c9a432ff487c52e9c5618667179c18a204bdedb27310f022f", size = 4661146, upload-time = "2025-09-22T04:01:56.282Z" },
    { url = "https://files.pythonhosted.org/packages/03/15/d4a377b385ab693ce97b472fe0c77c2b16ec79590e688b3ccc71fba19884/lxml-6.0.2-cp314-cp314-macosx_10_13_universal2.whl", hash = "sha256:b0c732aa23de8f8aec23f4b580d1e52905ef468afb4abeafd3fec77042abb6fe", size = 8659801, upload-time = "2025-09-22T04:02:30.113Z" },
    { url = "https://files.pythonhosted.org/packages/c8/e8/c128e37589463668794d503afaeb003987373c5f94d667124ffd8078bbd9/lxml-6.0.2-cp314-cp314-macosx_10_13_x86_64.whl", hash = "sha256:4468e3b83e10e0317a89a33d28f7aeba1caa4d1a6fd457d115dd4ffe90c5931d", size = 4659403, upload-time = "2025-09-22T04:02:32.119Z" },
    { url = "https://files.pythonhosted.org/packages/5e/5c/42c2c4c03554580708fc738d13414801f340c04c3eff90d8d2d227145275/lxml-6.0.2-cp314-cp314t-macosx_10_13_universal2.whl", hash = "sha256:6162a86d86893d63084faaf4ff937b3daea233e3682fb4474db07395794fa80d", size = 8910380, upload-time = "2025-09-22T04:03:01.645Z" },
    { url = "https://files.pythonhosted.org/packages/bf/4f/12df843e3e10d18d468a7557058f8d3733e8b6e12401f30b1ef29360740f/lxml-6.0.2-cp314-cp314t-macosx_10_13_x86_64.whl", hash = "sha256:414aaa94e974e23a3e92e7ca5b97d10c0cf37b6481f50911032c69eeb3991bba", size = 4775632, upload-time = "2025-09-22T04:03:03.814Z" },
]

[[package]]
name = "openpyxl"
version = "3.1.5"
source = { registry = "https://pypi.org/simple" }
dependencies = [
    { name = "et-xmlfile" },
]
sdist = { url = "https://files.pythonhosted.org/packages/3d/f9/88d94a75de065ea32619465d2f77b29a0469500e99012523b91cc4141cd1/openpyxl-3.1.5.tar.gz", hash = "sha256:cf0e3cf56142039133628b5acffe8ef0c12bc902d2aadd3e0fe5878dc08d1050", size = 186464, upload-time = "2024-06-28T14:03:44.161Z" }
wheels = [
    { url = "https://files.pythonhosted.org/packages/c0/da/977ded879c29cbd04de313843e76868e6e13408a94ed6b987245dc7c8506/openpyxl-3.1.5-py2.py3-none-any.whl", hash = "sha256:5282c12b107bffeef825f4617dc029afaf41d0ea60823bbb665ef3079dc79de2", size = 250910, upload-time = "2024-06-28T14:03:41.161Z" },
]

[[package]]
name = "psutil"
version = "7.1.3"
source = { registry = "https://pypi.org/simple" }
sdist = { url = "https://files.pythonhosted.org/packages/e1/88/bdd0a41e5857d5d703287598cbf08dad90aed56774ea52ae071bae9071b6/psutil-7.1.3.tar.gz", hash = "sha256:6c86281738d77335af7aec228328e944b30930899ea760ecf33a4dba66be5e74", size = 489059, upload-time = "2025-11-02T12:25:54.619Z" }
wheels = [
    { url = "https://files.pythonhosted.org/packages/bd/93/0c49e776b8734fef56ec9c5c57f923922f2cf0497d62e0f419465f28f3d0/psutil-7.1.3-cp313-cp313t-macosx_10_13_x86_64.whl", hash = "sha256:0005da714eee687b4b8decd3d6cc7c6db36215c9e74e5ad2264b90c3df7d92dc", size = 239751, upload-time = "2025-11-02T12:25:58.161Z" },
    { url = "https://files.pythonhosted.org/packages/6f/8d/b31e39c769e70780f007969815195a55c81a63efebdd4dbe9e7a113adb2f/psutil-7.1.3-cp313-cp313t-macosx_11_0_arm64.whl", hash = "sha256:19644c85dcb987e35eeeaefdc3915d059dac7bd1167cdcdbf27e0ce2df0c08c0", size = 240368, upload-time = "2025-11-02T12:26:00.491Z" },
    { url = "https://files.pythonhosted.org/packages/2e/bb/6670bded3e3236eb4287c7bcdc167e9fae6e1e9286e437f7111caed2f909/psutil-7.1.3-cp314-cp314t-macosx_10_15_x86_64.whl", hash = "sha256:b403da1df4d6d43973dc004d19cee3b848e998ae3154cc8097d139b77156c353", size = 239843, upload-time = "2025-11-02T12:26:11.968Z" },
    { url = "https://files.pythonhosted.org/packages/b8/66/853d50e75a38c9a7370ddbeefabdd3d3116b9c31ef94dc92c6729bc36bec/psutil-7.1.3-cp314-cp314t-macosx_11_0_arm64.whl", hash = "sha256:ad81425efc5e75da3f39b3e636293360ad8d0b49bed7df824c79764fb4ba9b8b", size = 240369, upload-time = "2025-11-02T12:26:14.358Z" },
    { url = "https://files.pythonhosted.org/packages/ef/94/46b9154a800253e7ecff5aaacdf8ebf43db99de4a2dfa18575b02548654e/psutil-7.1.3-cp36-abi3-macosx_10_9_x86_64.whl", hash = "sha256:2bdbcd0e58ca14996a42adf3621a6244f1bb2e2e528886959c72cf1e326677ab", size = 238359, upload-time = "2025-11-02T12:26:25.284Z" },
    { url = "https://files.pythonhosted.org/packages/68/3a/9f93cff5c025029a36d9a92fef47220ab4692ee7f2be0fba9f92813d0cb8/psutil-7.1.3-cp36-abi3-macosx_11_0_arm64.whl", hash = "sha256:bc31fa00f1fbc3c3802141eede66f3a2d51d89716a194bf2cd6fc68310a19880", size = 239171, upload-time = "2025-11-02T12:26:27.23Z" },
]

[[package]]
name = "pywin32"
version = "311"
source = { registry = "https://pypi.org/simple" }
wheels = [
    { url = "https://files.pythonhosted.org/packages/a5/be/3fd5de0979fcb3994bfee0d65ed8ca9506a8a1260651b86174f6a86f52b3/pywin32-311-cp313-cp313-win32.whl", hash = "sha256:f95ba5a847cba10dd8c4d8fefa9f2a6cf283b8b88ed6178fa8a6c1ab16054d0d", size = 8705700, upload-time = "2025-07-14T20:13:26.471Z" },
    { url = "https://files.pythonhosted.org/packages/e3/28/e0a1909523c6890208295a29e05c2adb2126364e289826c0a8bc7297bd5c/pywin32-311-cp313-cp313-win_amd64.whl", hash = "sha256:718a38f7e5b058e76aee1c56ddd06908116d35147e133427e59a3983f703a20d", size = 9494700, upload-time = "2025-07-14T20:13:28.243Z" },
    { url = "https://files.pythonhosted.org/packages/04/bf/90339ac0f55726dce7d794e6d79a18a91265bdf3aa70b6b9ca52f35e022a/pywin32-311-cp313-cp313-win_arm64.whl", hash = "sha256:7b4075d959648406202d92a2310cb990fea19b535c7f4a78d3f5e10b926eeb8a", size = 8709318, upload-time = "2025-07-14T20:13:30.348Z" },
    { url = "https://files.pythonhosted.org/packages/c9/31/097f2e132c4f16d99a22bfb777e0fd88bd8e1c634304e102f313af69ace5/pywin32-311-cp314-cp314-win32.whl", hash = "sha256:b7a2c10b93f8986666d0c803ee19b5990885872a7de910fc460f9b0c2fbf92ee", size = 8840714, upload-time = "2025-07-14T20:13:32.449Z" },
    { url = "https://files.pythonhosted.org/packages/90/4b/07c77d8ba0e01349358082713400435347df8426208171ce297da32c313d/pywin32-311-cp314-cp314-win_amd64.whl", hash = "sha256:3aca44c046bd2ed8c90de9cb8427f581c479e594e99b5c0bb19b29c10fd6cb87", size = 9656800, upload-time = "2025-07-14T20:13:34.312Z" },
    { url = "https://files.pythonhosted.org/packages/c0/d2/21af5c535501a7233e734b8af901574572da66fcc254cb35d0609c9080dd/pywin32-311-cp314-cp314-win_arm64.whl", hash = "sha256:a508e2d9025764a8270f93111a970e1d0fbfc33f4153b388bb649b7eec4f9b42", size = 8932540, upload-time = "2025-07-14T20:13:36.379Z" },
]

[[package]]
name = "xlwings"
version = "0.33.16"
source = { registry = "https://pypi.org/simple" }
dependencies = [
    { name = "appscript", marker = "sys_platform == 'darwin'" },
    { name = "psutil", marker = "sys_platform == 'darwin'" },
    { name = "pywin32", marker = "sys_platform == 'win32'" },
]
sdist = { url = "https://files.pythonhosted.org/packages/ae/e3/4b4ff2248476b4a9cc71c7ebafdba642dafdf6c0559cf86fe44f73a5c6d0/xlwings-0.33.16.tar.gz", hash = "sha256:3ed1b93199d2cb4509ad9a3d4bab38ce483a8eaa39d38ffd034b7edac3241b51", size = 15705501, upload-time = "2025-10-10T16:13:34.197Z" }
wheels = [
    { url = "https://files.pythonhosted.org/packages/86/08/e8cd25beae629dfe201bc2f52fba3128d6ad2ad05ca10e6f0a675d5ea353/xlwings-0.33.16-cp313-cp313-macosx_10_12_x86_64.whl", hash = "sha256:a1fa32063ea8e567409242ba11e483759210af6de93d025ecdbed45695b241fe", size = 1415631, upload-time = "2025-10-10T16:14:11.815Z" },
    { url = "https://files.pythonhosted.org/packages/8f/d3/10e0f425bc695941d95c7f47e1707dd56f99ce79f6d29e7b27fda1178dca/xlwings-0.33.16-cp313-cp313-macosx_11_0_arm64.whl", hash = "sha256:6a79f54916c42514ba9904154b217d8bfa98c25f0c5969353af23623f7c5d4c4", size = 1400140, upload-time = "2025-10-10T16:14:13.531Z" },
    { url = "https://files.pythonhosted.org/packages/92/15/6ae6328e64a0b181a07a78423d8c3942fc5cc9261cf27f1f37449ce203a4/xlwings-0.33.16-cp313-cp313-manylinux_2_17_aarch64.manylinux2014_aarch64.whl", hash = "sha256:7ee2c3c0ad5c4277a1b5709c3f4ca2e2d1c06df1415adc231ec1854ba9d87a93", size = 1459909, upload-time = "2025-10-10T16:14:15.674Z" },
    { url = "https://files.pythonhosted.org/packages/d7/f4/e6ae7ea7ddfc53a9ff90d7f050d5236f091292200db988a7f6fdff0977ad/xlwings-0.33.16-cp313-cp313-manylinux_2_17_armv7l.manylinux2014_armv7l.whl", hash = "sha256:a1fb07f710b04538a9207a882a32d0151c4f3a8e7bf1218aeed76abda2a8d499", size = 1463285, upload-time = "2025-10-10T16:14:17.284Z" },
    { url = "https://files.pythonhosted.org/packages/07/38/4d46d1e5a7a0d60d84360e9bfbd62b28f6ca913009262aac9b59c3c18705/xlwings-0.33.16-cp313-cp313-manylinux_2_17_x86_64.manylinux2014_x86_64.whl", hash = "sha256:d0c6bc520d726f6eabfbbaceeb4dc8412fc906742377ab0f77b326ec8b95b39a", size = 1465546, upload-time = "2025-10-10T16:14:18.473Z" },
    { url = "https://files.pythonhosted.org/packages/66/58/ca06a6fd9e13e72a7ec05bd6b56f39dd2843c57594133f42363e31850d6f/xlwings-0.33.16-cp313-cp313-musllinux_1_1_aarch64.whl", hash = "sha256:8ff6940a9f2d2b9b6876b4f4780403bc9c9bb1614ed6e3e29c913058a1b9b05e", size = 1641584, upload-time = "2025-10-10T16:14:19.613Z" },
    { url = "https://files.pythonhosted.org/packages/d5/6d/ed12c1bca3bbeb2a26a918c52b376dd39a647c5c6443bbf3bf351846c90d/xlwings-0.33.16-cp313-cp313-musllinux_1_1_x86_64.whl", hash = "sha256:3fa4768d74915df3e000737d26ad0889c8586c194996c68360909d8214743c18", size = 1636547, upload-time = "2025-10-10T16:14:21.3Z" },
    { url = "https://files.pythonhosted.org/packages/00/ee/29356034743afe63b90af1d8d6f605233454166496ff58ec6133f51921e4/xlwings-0.33.16-cp313-cp313-win_amd64.whl", hash = "sha256:fd4c6da24b4032a65917a35575126892c0319c2d607542a8816f0f9dac02c97f", size = 1630855, upload-time = "2025-10-10T16:14:22.52Z" },
    { url = "https://files.pythonhosted.org/packages/d2/31/2ff0120422f320d3840c3cff5cf6813e9507378414f2ceab3345b4686f00/xlwings-0.33.16-cp314-cp314-macosx_10_12_x86_64.whl", hash = "sha256:cc86d0180abb69d23531840ce51da8d15e597c5ad33aaa54c02f35f5e7991439", size = 1414773, upload-time = "2025-10-10T16:14:23.775Z" },
    { url = "https://files.pythonhosted.org/packages/fd/df/cb1e04bbef5b63adbe1e28556c90dc4faa5f5a00cc29ce2b1ad955f85a26/xlwings-0.33.16-cp314-cp314-macosx_11_0_arm64.whl", hash = "sha256:160625fa6d3c54b17a5afa642a0dd0364c67919e0d82d38a2bc9df8f1019c959", size = 1399805, upload-time = "2025-10-10T16:14:24.967Z" },
    { url = "https://files.pythonhosted.org/packages/fe/36/b91f459f7a45bb3030f684abc85e970ad627acb7960a194cb874d45fc9ae/xlwings-0.33.16-cp314-cp314-manylinux_2_17_aarch64.manylinux2014_aarch64.whl", hash = "sha256:33ef84134f821b0597351961ed6c6abf3c97cf7f604beb0733478ba1a55ebb47", size = 1460195, upload-time = "2025-10-10T16:14:26.64Z" },
    { url = "https://files.pythonhosted.org/packages/c4/84/c55a6eb5459ace6668ef55e4b042e32e0dbc6c605cceff707609c9903043/xlwings-0.33.16-cp314-cp314-manylinux_2_17_armv7l.manylinux2014_armv7l.whl", hash = "sha256:4283246f8553e776cabd149088f001b5f45315ff375f2d0d3c2fcd7bd7a98195", size = 1463185, upload-time = "2025-10-10T16:14:28.333Z" },
    { url = "https://files.pythonhosted.org/packages/3f/92/128580317b29b179f0ffb3e8c12528d24d351671e55eb24d1e97d6f63cc6/xlwings-0.33.16-cp314-cp314-manylinux_2_17_x86_64.manylinux2014_x86_64.whl", hash = "sha256:4bfcecec3b20802e3e976f63054d3a019c2a7c23d640d014e51d2cf4f907edf3", size = 1464759, upload-time = "2025-10-10T16:14:29.544Z" },
    { url = "https://files.pythonhosted.org/packages/fa/f1/08d30773fbcfdff60632b01db3eee3311da9383cd8d473d4b013679d197f/xlwings-0.33.16-cp314-cp314-musllinux_1_1_aarch64.whl", hash = "sha256:6a0fc127d4c95d8452024f2f4a4589be4d76b80a8e32b7fa86576d9a6aa735af", size = 1641645, upload-time = "2025-10-10T16:14:30.671Z" },
    { url = "https://files.pythonhosted.org/packages/b7/a9/3c41849f6199e845c2af0971202ed99c4aba24243adcec3b385a18a471a8/xlwings-0.33.16-cp314-cp314-musllinux_1_1_x86_64.whl", hash = "sha256:da19b3becfa34eacb6e0d6786bd6bfb17da45b28c7f29cba8b7dce292ca552d8", size = 1636452, upload-time = "2025-10-10T16:14:31.998Z" },
    { url = "https://files.pythonhosted.org/packages/3c/d3/6303d45234dade44b2fbf24f73cdf33485b121bc1641aefad7976d2652da/xlwings-0.33.16-cp314-cp314-win_amd64.whl", hash = "sha256:ce41bbc78997a2214dfd3722081ccd7b345f1af0d7437f3eb8e426accb39e7e4", size = 1653329, upload-time = "2025-10-10T16:14:33.326Z" },
    { url = "https://files.pythonhosted.org/packages/f2/1f/2cfb6b8145a6594d69aae76d9213e7d709c763c251e45a03d76df43f1f7e/xlwings-0.33.16-py3-none-any.whl", hash = "sha256:2adc68b55dedcf835b461bb60dc730c59329267b5361cb2f74d0a0dafc86906c", size = 732638, upload-time = "2025-10-10T16:14:34.511Z" },
]
